
Microsoft Visual Studio Solution File, Format Version 12.00
# Visual Studio Version 16
VisualStudioVersion = 16.0.30204.135
MinimumVisualStudioVersion = 10.0.40219.1
Project("{FAE04EC0-301F-11D3-BF4B-00C04F79EFBC}") = "CaseFiles", "CaseFiles\CaseFiles.csproj", "{EC0D3EE7-4D4E-4B40-8296-2A1C9DC14C45}"
EndProject
Project("{FAE04EC0-301F-11D3-BF4B-00C04F79EFBC}") = "CaseFiles.Models", "CaseFiles.Models\CaseFiles.Models.csproj", "{7E2B4EF9-DADD-445A-AB41-43A6EF7F5A22}"
EndProject
Project("{FAE04EC0-301F-11D3-BF4B-00C04F79EFBC}") = "CaseFiles.DataAccess", "CaseFiles.DataAccess\CaseFiles.DataAccess.csproj", "{8F6E81A0-D881-4E55-862C-54C951E7005D}"
EndProject
Global
	GlobalSection(SolutionConfigurationPlatforms) = preSolution
		Debug|Any CPU = Debug|Any CPU
		Release|Any CPU = Release|Any CPU
	EndGlobalSection
	GlobalSection(ProjectConfigurationPlatforms) = postSolution
		{EC0D3EE7-4D4E-4B40-8296-2A1C9DC14C45}.Debug|Any CPU.ActiveCfg = Debug|Any CPU
		{EC0D3EE7-4D4E-4B40-8296-2A1C9DC14C45}.Debug|Any CPU.Build.0 = Debug|Any CPU
		{EC0D3EE7-4D4E-4B40-8296-2A1C9DC14C45}.Release|Any CPU.ActiveCfg = Release|Any CPU
		{EC0D3EE7-4D4E-4B40-8296-2A1C9DC14C45}.Release|Any CPU.Build.0 = Release|Any CPU
		{7E2B4EF9-DADD-445A-AB41-43A6EF7F5A22}.Debug|Any CPU.ActiveCfg = Debug|Any CPU
		{7E2B4EF9-DADD-445A-AB41-43A6EF7F5A22}.Debug|Any CPU.Build.0 = Debug|Any CPU
		{7E2B4EF9-DADD-445A-AB41-43A6EF7F5A22}.Release|Any CPU.ActiveCfg = Release|Any CPU
		{7E2B4EF9-DADD-445A-AB41-43A6EF7F5A22}.Release|Any CPU.Build.0 = Release|Any CPU
		{8F6E81A0-D881-4E55-862C-54C951E7005D}.Debug|Any CPU.ActiveCfg = Debug|Any CPU
		{8F6E81A0-D881-4E55-862C-54C951E7005D}.Debug|Any CPU.Build.0 = Debug|Any CPU
		{8F6E81A0-D881-4E55-862C-54C951E7005D}.Release|Any CPU.ActiveCfg = Release|Any CPU
		{8F6E81A0-D881-4E55-862C-54C951E7005D}.Release|Any CPU.Build.0 = Release|Any CPU
	EndGlobalSection
	GlobalSection(SolutionProperties) = preSolution
		HideSolutionNode = FALSE
	EndGlobalSection
	GlobalSection(ExtensibilityGlobals) = postSolution
		SolutionGuid = {A1906EF2-401C-4F4D-A237-6C189F4A069A}
	EndGlobalSection
EndGlobal
